
Microsoft Visual Studio Solution File, Format Version 12.00
# Visual Studio Version 17
VisualStudioVersion = 17.11.35222.181
MinimumVisualStudioVersion = 10.0.40219.1
Project("{FAE04EC0-301F-11D3-BF4B-00C04F79EFBC}") = "OOOShoes", "OOOShoes.csproj", "{04EFD7F8-3D99-4AAC-8535-FB5DF20BFB18}"
EndProject
Project("{FAE04EC0-301F-11D3-BF4B-00C04F79EFBC}") = "OOOShoesLib", "..\OOOShoesLib\OOOShoesLib.csproj", "{664A5B14-E4F8-475C-9C3F-8782AE60854C}"
EndProject
Project("{FAE04EC0-301F-11D3-BF4B-00C04F79EFBC}") = "OOOShoesTests", "..\OOOShoesTests\OOOShoesTests.csproj", "{46BCAAA2-6789-41F6-B2F5-E868B01E19D5}"
EndProject
Global
	GlobalSection(SolutionConfigurationPlatforms) = preSolution
		Debug|Any CPU = Debug|Any CPU
		Release|Any CPU = Release|Any CPU
	EndGlobalSection
	GlobalSection(ProjectConfigurationPlatforms) = postSolution
		{04EFD7F8-3D99-4AAC-8535-FB5DF20BFB18}.Debug|Any CPU.ActiveCfg = Debug|Any CPU
		{04EFD7F8-3D99-4AAC-8535-FB5DF20BFB18}.Debug|Any CPU.Build.0 = Debug|Any CPU
		{04EFD7F8-3D99-4AAC-8535-FB5DF20BFB18}.Release|Any CPU.ActiveCfg = Release|Any CPU
		{04EFD7F8-3D99-4AAC-8535-FB5DF20BFB18}.Release|Any CPU.Build.0 = Release|Any CPU
		{664A5B14-E4F8-475C-9C3F-8782AE60854C}.Debug|Any CPU.ActiveCfg = Debug|Any CPU
		{664A5B14-E4F8-475C-9C3F-8782AE60854C}.Debug|Any CPU.Build.0 = Debug|Any CPU
		{664A5B14-E4F8-475C-9C3F-8782AE60854C}.Release|Any CPU.ActiveCfg = Release|Any CPU
		{664A5B14-E4F8-475C-9C3F-8782AE60854C}.Release|Any CPU.Build.0 = Release|Any CPU
		{46BCAAA2-6789-41F6-B2F5-E868B01E19D5}.Debug|Any CPU.ActiveCfg = Debug|Any CPU
		{46BCAAA2-6789-41F6-B2F5-E868B01E19D5}.Debug|Any CPU.Build.0 = Debug|Any CPU
		{46BCAAA2-6789-41F6-B2F5-E868B01E19D5}.Release|Any CPU.ActiveCfg = Release|Any CPU
		{46BCAAA2-6789-41F6-B2F5-E868B01E19D5}.Release|Any CPU.Build.0 = Release|Any CPU
	EndGlobalSection
	GlobalSection(SolutionProperties) = preSolution
		HideSolutionNode = FALSE
	EndGlobalSection
	GlobalSection(ExtensibilityGlobals) = postSolution
		SolutionGuid = {71BB4DAC-EFBE-4E6A-9C96-0C3EA8B13276}
	EndGlobalSection
EndGlobal
